
Microsoft Visual Studio Solution File, Format Version 12.00
# Visual Studio 15
VisualStudioVersion = 15.0.28307.572
MinimumVisualStudioVersion = 10.0.40219.1
Project("{FAE04EC0-301F-11D3-BF4B-00C04F79EFBC}") = "eBusStation.API", "eBusStation.API\eBusStation.API.csproj", "{8CAB5E36-125C-43B7-AD59-DB3413654F06}"
EndProject
Project("{FAE04EC0-301F-11D3-BF4B-00C04F79EFBC}") = "eBusStation.Desktop", "eBusStation.Desktop\eBusStation.Desktop.csproj", "{C27FE595-1270-4BA5-91A4-0DFEF60D4CC6}"
EndProject
Project("{FAE04EC0-301F-11D3-BF4B-00C04F79EFBC}") = "eBusStation.Phone.Android", "eBusStation.Phone\eBusStation.Phone.Android\eBusStation.Phone.Android.csproj", "{A8344C8E-D221-4FAD-B358-8E702B9764CD}"
EndProject
Project("{FAE04EC0-301F-11D3-BF4B-00C04F79EFBC}") = "eBusStation.Phone.iOS", "eBusStation.Phone\eBusStation.Phone.iOS\eBusStation.Phone.iOS.csproj", "{3FA2DC82-BA87-40FB-8866-940CAC88ECF2}"
EndProject
Project("{FAE04EC0-301F-11D3-BF4B-00C04F79EFBC}") = "eBusStation.Phone.UWP", "eBusStation.Phone\eBusStation.Phone.UWP\eBusStation.Phone.UWP.csproj", "{A7761F99-5C1B-495B-A701-494C173DE986}"
EndProject
Project("{D954291E-2A0B-460D-934E-DC6B0785DB48}") = "eBusStation.Phone", "eBusStation.Phone\eBusStation.Phone\eBusStation.Phone.shproj", "{98763F00-3809-4E69-A079-93DE1CFCCD8C}"
EndProject
Project("{FAE04EC0-301F-11D3-BF4B-00C04F79EFBC}") = "eBusStation.PCL", "eBusStation.PCL\eBusStation.PCL.csproj", "{43FA89D6-BDD5-4AA9-A4E7-DE60AD584D62}"
EndProject
Global
	GlobalSection(SharedMSBuildProjectFiles) = preSolution
		eBusStation.Phone\eBusStation.Phone\eBusStation.Phone.projitems*{3fa2dc82-ba87-40fb-8866-940cac88ecf2}*SharedItemsImports = 4
		eBusStation.Phone\eBusStation.Phone\eBusStation.Phone.projitems*{98763f00-3809-4e69-a079-93de1cfccd8c}*SharedItemsImports = 13
		eBusStation.Phone\eBusStation.Phone\eBusStation.Phone.projitems*{a7761f99-5c1b-495b-a701-494c173de986}*SharedItemsImports = 4
		eBusStation.Phone\eBusStation.Phone\eBusStation.Phone.projitems*{a8344c8e-d221-4fad-b358-8e702b9764cd}*SharedItemsImports = 4
	EndGlobalSection
	GlobalSection(SolutionConfigurationPlatforms) = preSolution
		Ad-Hoc|Any CPU = Ad-Hoc|Any CPU
		Ad-Hoc|ARM = Ad-Hoc|ARM
		Ad-Hoc|ARM64 = Ad-Hoc|ARM64
		Ad-Hoc|iPhone = Ad-Hoc|iPhone
		Ad-Hoc|iPhoneSimulator = Ad-Hoc|iPhoneSimulator
		Ad-Hoc|x64 = Ad-Hoc|x64
		Ad-Hoc|x86 = Ad-Hoc|x86
		AppStore|Any CPU = AppStore|Any CPU
		AppStore|ARM = AppStore|ARM
		AppStore|ARM64 = AppStore|ARM64
		AppStore|iPhone = AppStore|iPhone
		AppStore|iPhoneSimulator = AppStore|iPhoneSimulator
		AppStore|x64 = AppStore|x64
		AppStore|x86 = AppStore|x86
		Debug|Any CPU = Debug|Any CPU
		Debug|ARM = Debug|ARM
		Debug|ARM64 = Debug|ARM64
		Debug|iPhone = Debug|iPhone
		Debug|iPhoneSimulator = Debug|iPhoneSimulator
		Debug|x64 = Debug|x64
		Debug|x86 = Debug|x86
		Release|Any CPU = Release|Any CPU
		Release|ARM = Release|ARM
		Release|ARM64 = Release|ARM64
		Release|iPhone = Release|iPhone
		Release|iPhoneSimulator = Release|iPhoneSimulator
		Release|x64 = Release|x64
		Release|x86 = Release|x86
	EndGlobalSection
	GlobalSection(ProjectConfigurationPlatforms) = postSolution
		{8CAB5E36-125C-43B7-AD59-DB3413654F06}.Ad-Hoc|Any CPU.ActiveCfg = Release|Any CPU
		{8CAB5E36-125C-43B7-AD59-DB3413654F06}.Ad-Hoc|Any CPU.Build.0 = Release|Any CPU
		{8CAB5E36-125C-43B7-AD59-DB3413654F06}.Ad-Hoc|ARM.ActiveCfg = Debug|Any CPU
		{8CAB5E36-125C-43B7-AD59-DB3413654F06}.Ad-Hoc|ARM.Build.0 = Debug|Any CPU
		{8CAB5E36-125C-43B7-AD59-DB3413654F06}.Ad-Hoc|ARM64.ActiveCfg = Debug|Any CPU
		{8CAB5E36-125C-43B7-AD59-DB3413654F06}.Ad-Hoc|ARM64.Build.0 = Debug|Any CPU
		{8CAB5E36-125C-43B7-AD59-DB3413654F06}.Ad-Hoc|iPhone.ActiveCfg = Release|Any CPU
		{8CAB5E36-125C-43B7-AD59-DB3413654F06}.Ad-Hoc|iPhone.Build.0 = Release|Any CPU
		{8CAB5E36-125C-43B7-AD59-DB3413654F06}.Ad-Hoc|iPhoneSimulator.ActiveCfg = Release|Any CPU
		{8CAB5E36-125C-43B7-AD59-DB3413654F06}.Ad-Hoc|iPhoneSimulator.Build.0 = Release|Any CPU
		{8CAB5E36-125C-43B7-AD59-DB3413654F06}.Ad-Hoc|x64.ActiveCfg = Debug|Any CPU
		{8CAB5E36-125C-43B7-AD59-DB3413654F06}.Ad-Hoc|x64.Build.0 = Debug|Any CPU
		{8CAB5E36-125C-43B7-AD59-DB3413654F06}.Ad-Hoc|x86.ActiveCfg = Debug|Any CPU
		{8CAB5E36-125C-43B7-AD59-DB3413654F06}.Ad-Hoc|x86.Build.0 = Debug|Any CPU
		{8CAB5E36-125C-43B7-AD59-DB3413654F06}.AppStore|Any CPU.ActiveCfg = Release|Any CPU
		{8CAB5E36-125C-43B7-AD59-DB3413654F06}.AppStore|Any CPU.Build.0 = Release|Any CPU
		{8CAB5E36-125C-43B7-AD59-DB3413654F06}.AppStore|ARM.ActiveCfg = Debug|Any CPU
		{8CAB5E36-125C-43B7-AD59-DB3413654F06}.AppStore|ARM.Build.0 = Debug|Any CPU
		{8CAB5E36-125C-43B7-AD59-DB3413654F06}.AppStore|ARM64.ActiveCfg = Debug|Any CPU
		{8CAB5E36-125C-43B7-AD59-DB3413654F06}.AppStore|ARM64.Build.0 = Debug|Any CPU
		{8CAB5E36-125C-43B7-AD59-DB3413654F06}.AppStore|iPhone.ActiveCfg = Release|Any CPU
		{8CAB5E36-125C-43B7-AD59-DB3413654F06}.AppStore|iPhone.Build.0 = Release|Any CPU
		{8CAB5E36-125C-43B7-AD59-DB3413654F06}.AppStore|iPhoneSimulator.ActiveCfg = Release|Any CPU
		{8CAB5E36-125C-43B7-AD59-DB3413654F06}.AppStore|iPhoneSimulator.Build.0 = Release|Any CPU
		{8CAB5E36-125C-43B7-AD59-DB3413654F06}.AppStore|x64.ActiveCfg = Debug|Any CPU
		{8CAB5E36-125C-43B7-AD59-DB3413654F06}.AppStore|x64.Build.0 = Debug|Any CPU
		{8CAB5E36-125C-43B7-AD59-DB3413654F06}.AppStore|x86.ActiveCfg = Debug|Any CPU
		{8CAB5E36-125C-43B7-AD59-DB3413654F06}.AppStore|x86.Build.0 = Debug|Any CPU
		{8CAB5E36-125C-43B7-AD59-DB3413654F06}.Debug|Any CPU.ActiveCfg = Debug|Any CPU
		{8CAB5E36-125C-43B7-AD59-DB3413654F06}.Debug|Any CPU.Build.0 = Debug|Any CPU
		{8CAB5E36-125C-43B7-AD59-DB3413654F06}.Debug|ARM.ActiveCfg = Debug|Any CPU
		{8CAB5E36-125C-43B7-AD59-DB3413654F06}.Debug|ARM.Build.0 = Debug|Any CPU
		{8CAB5E36-125C-43B7-AD59-DB3413654F06}.Debug|ARM64.ActiveCfg = Debug|Any CPU
		{8CAB5E36-125C-43B7-AD59-DB3413654F06}.Debug|ARM64.Build.0 = Debug|Any CPU
		{8CAB5E36-125C-43B7-AD59-DB3413654F06}.Debug|iPhone.ActiveCfg = Debug|Any CPU
		{8CAB5E36-125C-43B7-AD59-DB3413654F06}.Debug|iPhone.Build.0 = Debug|Any CPU
		{8CAB5E36-125C-43B7-AD59-DB3413654F06}.Debug|iPhoneSimulator.ActiveCfg = Debug|Any CPU
		{8CAB5E36-125C-43B7-AD59-DB3413654F06}.Debug|iPhoneSimulator.Build.0 = Debug|Any CPU
		{8CAB5E36-125C-43B7-AD59-DB3413654F06}.Debug|x64.ActiveCfg = Debug|Any CPU
		{8CAB5E36-125C-43B7-AD59-DB3413654F06}.Debug|x64.Build.0 = Debug|Any CPU
		{8CAB5E36-125C-43B7-AD59-DB3413654F06}.Debug|x86.ActiveCfg = Debug|Any CPU
		{8CAB5E36-125C-43B7-AD59-DB3413654F06}.Debug|x86.Build.0 = Debug|Any CPU
		{8CAB5E36-125C-43B7-AD59-DB3413654F06}.Release|Any CPU.ActiveCfg = Release|Any CPU
		{8CAB5E36-125C-43B7-AD59-DB3413654F06}.Release|Any CPU.Build.0 = Release|Any CPU
		{8CAB5E36-125C-43B7-AD59-DB3413654F06}.Release|ARM.ActiveCfg = Release|Any CPU
		{8CAB5E36-125C-43B7-AD59-DB3413654F06}.Release|ARM.Build.0 = Release|Any CPU
		{8CAB5E36-125C-43B7-AD59-DB3413654F06}.Release|ARM64.ActiveCfg = Release|Any CPU
		{8CAB5E36-125C-43B7-AD59-DB3413654F06}.Release|ARM64.Build.0 = Release|Any CPU
		{8CAB5E36-125C-43B7-AD59-DB3413654F06}.Release|iPhone.ActiveCfg = Release|Any CPU
		{8CAB5E36-125C-43B7-AD59-DB3413654F06}.Release|iPhone.Build.0 = Release|Any CPU
		{8CAB5E36-125C-43B7-AD59-DB3413654F06}.Release|iPhoneSimulator.ActiveCfg = Release|Any CPU
		{8CAB5E36-125C-43B7-AD59-DB3413654F06}.Release|iPhoneSimulator.Build.0 = Release|Any CPU
		{8CAB5E36-125C-43B7-AD59-DB3413654F06}.Release|x64.ActiveCfg = Release|Any CPU
		{8CAB5E36-125C-43B7-AD59-DB3413654F06}.Release|x64.Build.0 = Release|Any CPU
		{8CAB5E36-125C-43B7-AD59-DB3413654F06}.Release|x86.ActiveCfg = Release|Any CPU
		{8CAB5E36-125C-43B7-AD59-DB3413654F06}.Release|x86.Build.0 = Release|Any CPU
		{C27FE595-1270-4BA5-91A4-0DFEF60D4CC6}.Ad-Hoc|Any CPU.ActiveCfg = Release|Any CPU
		{C27FE595-1270-4BA5-91A4-0DFEF60D4CC6}.Ad-Hoc|Any CPU.Build.0 = Release|Any CPU
		{C27FE595-1270-4BA5-91A4-0DFEF60D4CC6}.Ad-Hoc|ARM.ActiveCfg = Debug|Any CPU
		{C27FE595-1270-4BA5-91A4-0DFEF60D4CC6}.Ad-Hoc|ARM.Build.0 = Debug|Any CPU
		{C27FE595-1270-4BA5-91A4-0DFEF60D4CC6}.Ad-Hoc|ARM64.ActiveCfg = Debug|Any CPU
		{C27FE595-1270-4BA5-91A4-0DFEF60D4CC6}.Ad-Hoc|ARM64.Build.0 = Debug|Any CPU
		{C27FE595-1270-4BA5-91A4-0DFEF60D4CC6}.Ad-Hoc|iPhone.ActiveCfg = Release|Any CPU
		{C27FE595-1270-4BA5-91A4-0DFEF60D4CC6}.Ad-Hoc|iPhone.Build.0 = Release|Any CPU
		{C27FE595-1270-4BA5-91A4-0DFEF60D4CC6}.Ad-Hoc|iPhoneSimulator.ActiveCfg = Release|Any CPU
		{C27FE595-1270-4BA5-91A4-0DFEF60D4CC6}.Ad-Hoc|iPhoneSimulator.Build.0 = Release|Any CPU
		{C27FE595-1270-4BA5-91A4-0DFEF60D4CC6}.Ad-Hoc|x64.ActiveCfg = Debug|Any CPU
		{C27FE595-1270-4BA5-91A4-0DFEF60D4CC6}.Ad-Hoc|x64.Build.0 = Debug|Any CPU
		{C27FE595-1270-4BA5-91A4-0DFEF60D4CC6}.Ad-Hoc|x86.ActiveCfg = Debug|Any CPU
		{C27FE595-1270-4BA5-91A4-0DFEF60D4CC6}.Ad-Hoc|x86.Build.0 = Debug|Any CPU
		{C27FE595-1270-4BA5-91A4-0DFEF60D4CC6}.AppStore|Any CPU.ActiveCfg = Release|Any CPU
		{C27FE595-1270-4BA5-91A4-0DFEF60D4CC6}.AppStore|Any CPU.Build.0 = Release|Any CPU
		{C27FE595-1270-4BA5-91A4-0DFEF60D4CC6}.AppStore|ARM.ActiveCfg = Debug|Any CPU
		{C27FE595-1270-4BA5-91A4-0DFEF60D4CC6}.AppStore|ARM.Build.0 = Debug|Any CPU
		{C27FE595-1270-4BA5-91A4-0DFEF60D4CC6}.AppStore|ARM64.ActiveCfg = Debug|Any CPU
		{C27FE595-1270-4BA5-91A4-0DFEF60D4CC6}.AppStore|ARM64.Build.0 = Debug|Any CPU
		{C27FE595-1270-4BA5-91A4-0DFEF60D4CC6}.AppStore|iPhone.ActiveCfg = Release|Any CPU
		{C27FE595-1270-4BA5-91A4-0DFEF60D4CC6}.AppStore|iPhone.Build.0 = Release|Any CPU
		{C27FE595-1270-4BA5-91A4-0DFEF60D4CC6}.AppStore|iPhoneSimulator.ActiveCfg = Release|Any CPU
		{C27FE595-1270-4BA5-91A4-0DFEF60D4CC6}.AppStore|iPhoneSimulator.Build.0 = Release|Any CPU
		{C27FE595-1270-4BA5-91A4-0DFEF60D4CC6}.AppStore|x64.ActiveCfg = Debug|Any CPU
		{C27FE595-1270-4BA5-91A4-0DFEF60D4CC6}.AppStore|x64.Build.0 = Debug|Any CPU
		{C27FE595-1270-4BA5-91A4-0DFEF60D4CC6}.AppStore|x86.ActiveCfg = Debug|Any CPU
		{C27FE595-1270-4BA5-91A4-0DFEF60D4CC6}.AppStore|x86.Build.0 = Debug|Any CPU
		{C27FE595-1270-4BA5-91A4-0DFEF60D4CC6}.Debug|Any CPU.ActiveCfg = Debug|Any CPU
		{C27FE595-1270-4BA5-91A4-0DFEF60D4CC6}.Debug|Any CPU.Build.0 = Debug|Any CPU
		{C27FE595-1270-4BA5-91A4-0DFEF60D4CC6}.Debug|ARM.ActiveCfg = Debug|Any CPU
		{C27FE595-1270-4BA5-91A4-0DFEF60D4CC6}.Debug|ARM.Build.0 = Debug|Any CPU
		{C27FE595-1270-4BA5-91A4-0DFEF60D4CC6}.Debug|ARM64.ActiveCfg = Debug|Any CPU
		{C27FE595-1270-4BA5-91A4-0DFEF60D4CC6}.Debug|ARM64.Build.0 = Debug|Any CPU
		{C27FE595-1270-4BA5-91A4-0DFEF60D4CC6}.Debug|iPhone.ActiveCfg = Debug|Any CPU
		{C27FE595-1270-4BA5-91A4-0DFEF60D4CC6}.Debug|iPhone.Build.0 = Debug|Any CPU
		{C27FE595-1270-4BA5-91A4-0DFEF60D4CC6}.Debug|iPhoneSimulator.ActiveCfg = Debug|Any CPU
		{C27FE595-1270-4BA5-91A4-0DFEF60D4CC6}.Debug|iPhoneSimulator.Build.0 = Debug|Any CPU
		{C27FE595-1270-4BA5-91A4-0DFEF60D4CC6}.Debug|x64.ActiveCfg = Debug|Any CPU
		{C27FE595-1270-4BA5-91A4-0DFEF60D4CC6}.Debug|x64.Build.0 = Debug|Any CPU
		{C27FE595-1270-4BA5-91A4-0DFEF60D4CC6}.Debug|x86.ActiveCfg = Debug|Any CPU
		{C27FE595-1270-4BA5-91A4-0DFEF60D4CC6}.Debug|x86.Build.0 = Debug|Any CPU
		{C27FE595-1270-4BA5-91A4-0DFEF60D4CC6}.Release|Any CPU.ActiveCfg = Release|Any CPU
		{C27FE595-1270-4BA5-91A4-0DFEF60D4CC6}.Release|Any CPU.Build.0 = Release|Any CPU
		{C27FE595-1270-4BA5-91A4-0DFEF60D4CC6}.Release|ARM.ActiveCfg = Release|Any CPU
		{C27FE595-1270-4BA5-91A4-0DFEF60D4CC6}.Release|ARM.Build.0 = Release|Any CPU
		{C27FE595-1270-4BA5-91A4-0DFEF60D4CC6}.Release|ARM64.ActiveCfg = Release|Any CPU
		{C27FE595-1270-4BA5-91A4-0DFEF60D4CC6}.Release|ARM64.Build.0 = Release|Any CPU
		{C27FE595-1270-4BA5-91A4-0DFEF60D4CC6}.Release|iPhone.ActiveCfg = Release|Any CPU
		{C27FE595-1270-4BA5-91A4-0DFEF60D4CC6}.Release|iPhone.Build.0 = Release|Any CPU
		{C27FE595-1270-4BA5-91A4-0DFEF60D4CC6}.Release|iPhoneSimulator.ActiveCfg = Release|Any CPU
		{C27FE595-1270-4BA5-91A4-0DFEF60D4CC6}.Release|iPhoneSimulator.Build.0 = Release|Any CPU
		{C27FE595-1270-4BA5-91A4-0DFEF60D4CC6}.Release|x64.ActiveCfg = Release|Any CPU
		{C27FE595-1270-4BA5-91A4-0DFEF60D4CC6}.Release|x64.Build.0 = Release|Any CPU
		{C27FE595-1270-4BA5-91A4-0DFEF60D4CC6}.Release|x86.ActiveCfg = Release|Any CPU
		{C27FE595-1270-4BA5-91A4-0DFEF60D4CC6}.Release|x86.Build.0 = Release|Any CPU
		{A8344C8E-D221-4FAD-B358-8E702B9764CD}.Ad-Hoc|Any CPU.ActiveCfg = Release|Any CPU
		{A8344C8E-D221-4FAD-B358-8E702B9764CD}.Ad-Hoc|Any CPU.Build.0 = Release|Any CPU
		{A8344C8E-D221-4FAD-B358-8E702B9764CD}.Ad-Hoc|Any CPU.Deploy.0 = Release|Any CPU
		{A8344C8E-D221-4FAD-B358-8E702B9764CD}.Ad-Hoc|ARM.ActiveCfg = Release|Any CPU
		{A8344C8E-D221-4FAD-B358-8E702B9764CD}.Ad-Hoc|ARM.Build.0 = Release|Any CPU
		{A8344C8E-D221-4FAD-B358-8E702B9764CD}.Ad-Hoc|ARM.Deploy.0 = Release|Any CPU
		{A8344C8E-D221-4FAD-B358-8E702B9764CD}.Ad-Hoc|ARM64.ActiveCfg = Release|Any CPU
		{A8344C8E-D221-4FAD-B358-8E702B9764CD}.Ad-Hoc|ARM64.Build.0 = Release|Any CPU
		{A8344C8E-D221-4FAD-B358-8E702B9764CD}.Ad-Hoc|ARM64.Deploy.0 = Release|Any CPU
		{A8344C8E-D221-4FAD-B358-8E702B9764CD}.Ad-Hoc|iPhone.ActiveCfg = Release|Any CPU
		{A8344C8E-D221-4FAD-B358-8E702B9764CD}.Ad-Hoc|iPhone.Build.0 = Release|Any CPU
		{A8344C8E-D221-4FAD-B358-8E702B9764CD}.Ad-Hoc|iPhone.Deploy.0 = Release|Any CPU
		{A8344C8E-D221-4FAD-B358-8E702B9764CD}.Ad-Hoc|iPhoneSimulator.ActiveCfg = Release|Any CPU
		{A8344C8E-D221-4FAD-B358-8E702B9764CD}.Ad-Hoc|iPhoneSimulator.Build.0 = Release|Any CPU
		{A8344C8E-D221-4FAD-B358-8E702B9764CD}.Ad-Hoc|iPhoneSimulator.Deploy.0 = Release|Any CPU
		{A8344C8E-D221-4FAD-B358-8E702B9764CD}.Ad-Hoc|x64.ActiveCfg = Release|Any CPU
		{A8344C8E-D221-4FAD-B358-8E702B9764CD}.Ad-Hoc|x64.Build.0 = Release|Any CPU
		{A8344C8E-D221-4FAD-B358-8E702B9764CD}.Ad-Hoc|x64.Deploy.0 = Release|Any CPU
		{A8344C8E-D221-4FAD-B358-8E702B9764CD}.Ad-Hoc|x86.ActiveCfg = Release|Any CPU
		{A8344C8E-D221-4FAD-B358-8E702B9764CD}.Ad-Hoc|x86.Build.0 = Release|Any CPU
		{A8344C8E-D221-4FAD-B358-8E702B9764CD}.Ad-Hoc|x86.Deploy.0 = Release|Any CPU
		{A8344C8E-D221-4FAD-B358-8E702B9764CD}.AppStore|Any CPU.ActiveCfg = Release|Any CPU
		{A8344C8E-D221-4FAD-B358-8E702B9764CD}.AppStore|Any CPU.Build.0 = Release|Any CPU
		{A8344C8E-D221-4FAD-B358-8E702B9764CD}.AppStore|Any CPU.Deploy.0 = Release|Any CPU
		{A8344C8E-D221-4FAD-B358-8E702B9764CD}.AppStore|ARM.ActiveCfg = Release|Any CPU
		{A8344C8E-D221-4FAD-B358-8E702B9764CD}.AppStore|ARM.Build.0 = Release|Any CPU
		{A8344C8E-D221-4FAD-B358-8E702B9764CD}.AppStore|ARM.Deploy.0 = Release|Any CPU
		{A8344C8E-D221-4FAD-B358-8E702B9764CD}.AppStore|ARM64.ActiveCfg = Release|Any CPU
		{A8344C8E-D221-4FAD-B358-8E702B9764CD}.AppStore|ARM64.Build.0 = Release|Any CPU
		{A8344C8E-D221-4FAD-B358-8E702B9764CD}.AppStore|ARM64.Deploy.0 = Release|Any CPU
		{A8344C8E-D221-4FAD-B358-8E702B9764CD}.AppStore|iPhone.ActiveCfg = Release|Any CPU
		{A8344C8E-D221-4FAD-B358-8E702B9764CD}.AppStore|iPhone.Build.0 = Release|Any CPU
		{A8344C8E-D221-4FAD-B358-8E702B9764CD}.AppStore|iPhone.Deploy.0 = Release|Any CPU
		{A8344C8E-D221-4FAD-B358-8E702B9764CD}.AppStore|iPhoneSimulator.ActiveCfg = Release|Any CPU
		{A8344C8E-D221-4FAD-B358-8E702B9764CD}.AppStore|iPhoneSimulator.Build.0 = Release|Any CPU
		{A8344C8E-D221-4FAD-B358-8E702B9764CD}.AppStore|iPhoneSimulator.Deploy.0 = Release|Any CPU
		{A8344C8E-D221-4FAD-B358-8E702B9764CD}.AppStore|x64.ActiveCfg = Release|Any CPU
		{A8344C8E-D221-4FAD-B358-8E702B9764CD}.AppStore|x64.Build.0 = Release|Any CPU
		{A8344C8E-D221-4FAD-B358-8E702B9764CD}.AppStore|x64.Deploy.0 = Release|Any CPU
		{A8344C8E-D221-4FAD-B358-8E702B9764CD}.AppStore|x86.ActiveCfg = Release|Any CPU
		{A8344C8E-D221-4FAD-B358-8E702B9764CD}.AppStore|x86.Build.0 = Release|Any CPU
		{A8344C8E-D221-4FAD-B358-8E702B9764CD}.AppStore|x86.Deploy.0 = Release|Any CPU
		{A8344C8E-D221-4FAD-B358-8E702B9764CD}.Debug|Any CPU.ActiveCfg = Debug|Any CPU
		{A8344C8E-D221-4FAD-B358-8E702B9764CD}.Debug|Any CPU.Build.0 = Debug|Any CPU
		{A8344C8E-D221-4FAD-B358-8E702B9764CD}.Debug|Any CPU.Deploy.0 = Debug|Any CPU
		{A8344C8E-D221-4FAD-B358-8E702B9764CD}.Debug|ARM.ActiveCfg = Debug|Any CPU
		{A8344C8E-D221-4FAD-B358-8E702B9764CD}.Debug|ARM.Build.0 = Debug|Any CPU
		{A8344C8E-D221-4FAD-B358-8E702B9764CD}.Debug|ARM.Deploy.0 = Debug|Any CPU
		{A8344C8E-D221-4FAD-B358-8E702B9764CD}.Debug|ARM64.ActiveCfg = Debug|Any CPU
		{A8344C8E-D221-4FAD-B358-8E702B9764CD}.Debug|ARM64.Build.0 = Debug|Any CPU
		{A8344C8E-D221-4FAD-B358-8E702B9764CD}.Debug|ARM64.Deploy.0 = Debug|Any CPU
		{A8344C8E-D221-4FAD-B358-8E702B9764CD}.Debug|iPhone.ActiveCfg = Debug|Any CPU
		{A8344C8E-D221-4FAD-B358-8E702B9764CD}.Debug|iPhone.Build.0 = Debug|Any CPU
		{A8344C8E-D221-4FAD-B358-8E702B9764CD}.Debug|iPhone.Deploy.0 = Debug|Any CPU
		{A8344C8E-D221-4FAD-B358-8E702B9764CD}.Debug|iPhoneSimulator.ActiveCfg = Debug|Any CPU
		{A8344C8E-D221-4FAD-B358-8E702B9764CD}.Debug|iPhoneSimulator.Build.0 = Debug|Any CPU
		{A8344C8E-D221-4FAD-B358-8E702B9764CD}.Debug|iPhoneSimulator.Deploy.0 = Debug|Any CPU
		{A8344C8E-D221-4FAD-B358-8E702B9764CD}.Debug|x64.ActiveCfg = Debug|Any CPU
		{A8344C8E-D221-4FAD-B358-8E702B9764CD}.Debug|x64.Build.0 = Debug|Any CPU
		{A8344C8E-D221-4FAD-B358-8E702B9764CD}.Debug|x64.Deploy.0 = Debug|Any CPU
		{A8344C8E-D221-4FAD-B358-8E702B9764CD}.Debug|x86.ActiveCfg = Debug|Any CPU
		{A8344C8E-D221-4FAD-B358-8E702B9764CD}.Debug|x86.Build.0 = Debug|Any CPU
		{A8344C8E-D221-4FAD-B358-8E702B9764CD}.Debug|x86.Deploy.0 = Debug|Any CPU
		{A8344C8E-D221-4FAD-B358-8E702B9764CD}.Release|Any CPU.ActiveCfg = Release|Any CPU
		{A8344C8E-D221-4FAD-B358-8E702B9764CD}.Release|Any CPU.Build.0 = Release|Any CPU
		{A8344C8E-D221-4FAD-B358-8E702B9764CD}.Release|Any CPU.Deploy.0 = Release|Any CPU
		{A8344C8E-D221-4FAD-B358-8E702B9764CD}.Release|ARM.ActiveCfg = Release|Any CPU
		{A8344C8E-D221-4FAD-B358-8E702B9764CD}.Release|ARM.Build.0 = Release|Any CPU
		{A8344C8E-D221-4FAD-B358-8E702B9764CD}.Release|ARM.Deploy.0 = Release|Any CPU
		{A8344C8E-D221-4FAD-B358-8E702B9764CD}.Release|ARM64.ActiveCfg = Release|Any CPU
		{A8344C8E-D221-4FAD-B358-8E702B9764CD}.Release|ARM64.Build.0 = Release|Any CPU
		{A8344C8E-D221-4FAD-B358-8E702B9764CD}.Release|ARM64.Deploy.0 = Release|Any CPU
		{A8344C8E-D221-4FAD-B358-8E702B9764CD}.Release|iPhone.ActiveCfg = Release|Any CPU
		{A8344C8E-D221-4FAD-B358-8E702B9764CD}.Release|iPhone.Build.0 = Release|Any CPU
		{A8344C8E-D221-4FAD-B358-8E702B9764CD}.Release|iPhone.Deploy.0 = Release|Any CPU
		{A8344C8E-D221-4FAD-B358-8E702B9764CD}.Release|iPhoneSimulator.ActiveCfg = Release|Any CPU
		{A8344C8E-D221-4FAD-B358-8E702B9764CD}.Release|iPhoneSimulator.Build.0 = Release|Any CPU
		{A8344C8E-D221-4FAD-B358-8E702B9764CD}.Release|iPhoneSimulator.Deploy.0 = Release|Any CPU
		{A8344C8E-D221-4FAD-B358-8E702B9764CD}.Release|x64.ActiveCfg = Release|Any CPU
		{A8344C8E-D221-4FAD-B358-8E702B9764CD}.Release|x64.Build.0 = Release|Any CPU
		{A8344C8E-D221-4FAD-B358-8E702B9764CD}.Release|x64.Deploy.0 = Release|Any CPU
		{A8344C8E-D221-4FAD-B358-8E702B9764CD}.Release|x86.ActiveCfg = Release|Any CPU
		{A8344C8E-D221-4FAD-B358-8E702B9764CD}.Release|x86.Build.0 = Release|Any CPU
		{A8344C8E-D221-4FAD-B358-8E702B9764CD}.Release|x86.Deploy.0 = Release|Any CPU
		{3FA2DC82-BA87-40FB-8866-940CAC88ECF2}.Ad-Hoc|Any CPU.ActiveCfg = Ad-Hoc|iPhone
		{3FA2DC82-BA87-40FB-8866-940CAC88ECF2}.Ad-Hoc|ARM.ActiveCfg = Ad-Hoc|iPhone
		{3FA2DC82-BA87-40FB-8866-940CAC88ECF2}.Ad-Hoc|ARM64.ActiveCfg = Ad-Hoc|iPhone
		{3FA2DC82-BA87-40FB-8866-940CAC88ECF2}.Ad-Hoc|iPhone.ActiveCfg = Ad-Hoc|iPhone
		{3FA2DC82-BA87-40FB-8866-940CAC88ECF2}.Ad-Hoc|iPhone.Build.0 = Ad-Hoc|iPhone
		{3FA2DC82-BA87-40FB-8866-940CAC88ECF2}.Ad-Hoc|iPhoneSimulator.ActiveCfg = Ad-Hoc|iPhoneSimulator
		{3FA2DC82-BA87-40FB-8866-940CAC88ECF2}.Ad-Hoc|iPhoneSimulator.Build.0 = Ad-Hoc|iPhoneSimulator
		{3FA2DC82-BA87-40FB-8866-940CAC88ECF2}.Ad-Hoc|x64.ActiveCfg = Ad-Hoc|iPhone
		{3FA2DC82-BA87-40FB-8866-940CAC88ECF2}.Ad-Hoc|x86.ActiveCfg = Ad-Hoc|iPhone
		{3FA2DC82-BA87-40FB-8866-940CAC88ECF2}.AppStore|Any CPU.ActiveCfg = AppStore|iPhone
		{3FA2DC82-BA87-40FB-8866-940CAC88ECF2}.AppStore|ARM.ActiveCfg = AppStore|iPhone
		{3FA2DC82-BA87-40FB-8866-940CAC88ECF2}.AppStore|ARM64.ActiveCfg = AppStore|iPhone
		{3FA2DC82-BA87-40FB-8866-940CAC88ECF2}.AppStore|iPhone.ActiveCfg = AppStore|iPhone
		{3FA2DC82-BA87-40FB-8866-940CAC88ECF2}.AppStore|iPhone.Build.0 = AppStore|iPhone
		{3FA2DC82-BA87-40FB-8866-940CAC88ECF2}.AppStore|iPhoneSimulator.ActiveCfg = AppStore|iPhoneSimulator
		{3FA2DC82-BA87-40FB-8866-940CAC88ECF2}.AppStore|iPhoneSimulator.Build.0 = AppStore|iPhoneSimulator
		{3FA2DC82-BA87-40FB-8866-940CAC88ECF2}.AppStore|x64.ActiveCfg = AppStore|iPhone
		{3FA2DC82-BA87-40FB-8866-940CAC88ECF2}.AppStore|x86.ActiveCfg = AppStore|iPhone
		{3FA2DC82-BA87-40FB-8866-940CAC88ECF2}.Debug|Any CPU.ActiveCfg = Debug|iPhone
		{3FA2DC82-BA87-40FB-8866-940CAC88ECF2}.Debug|ARM.ActiveCfg = Debug|iPhone
		{3FA2DC82-BA87-40FB-8866-940CAC88ECF2}.Debug|ARM64.ActiveCfg = Debug|iPhone
		{3FA2DC82-BA87-40FB-8866-940CAC88ECF2}.Debug|iPhone.ActiveCfg = Debug|iPhone
		{3FA2DC82-BA87-40FB-8866-940CAC88ECF2}.Debug|iPhone.Build.0 = Debug|iPhone
		{3FA2DC82-BA87-40FB-8866-940CAC88ECF2}.Debug|iPhoneSimulator.ActiveCfg = Debug|iPhoneSimulator
		{3FA2DC82-BA87-40FB-8866-940CAC88ECF2}.Debug|iPhoneSimulator.Build.0 = Debug|iPhoneSimulator
		{3FA2DC82-BA87-40FB-8866-940CAC88ECF2}.Debug|x64.ActiveCfg = Debug|iPhone
		{3FA2DC82-BA87-40FB-8866-940CAC88ECF2}.Debug|x86.ActiveCfg = Debug|iPhone
		{3FA2DC82-BA87-40FB-8866-940CAC88ECF2}.Release|Any CPU.ActiveCfg = Release|iPhone
		{3FA2DC82-BA87-40FB-8866-940CAC88ECF2}.Release|ARM.ActiveCfg = Release|iPhone
		{3FA2DC82-BA87-40FB-8866-940CAC88ECF2}.Release|ARM64.ActiveCfg = Release|iPhone
		{3FA2DC82-BA87-40FB-8866-940CAC88ECF2}.Release|iPhone.ActiveCfg = Release|iPhone
		{3FA2DC82-BA87-40FB-8866-940CAC88ECF2}.Release|iPhone.Build.0 = Release|iPhone
		{3FA2DC82-BA87-40FB-8866-940CAC88ECF2}.Release|iPhoneSimulator.ActiveCfg = Release|iPhoneSimulator
		{3FA2DC82-BA87-40FB-8866-940CAC88ECF2}.Release|iPhoneSimulator.Build.0 = Release|iPhoneSimulator
		{3FA2DC82-BA87-40FB-8866-940CAC88ECF2}.Release|x64.ActiveCfg = Release|iPhone
		{3FA2DC82-BA87-40FB-8866-940CAC88ECF2}.Release|x86.ActiveCfg = Release|iPhone
		{A7761F99-5C1B-495B-A701-494C173DE986}.Ad-Hoc|Any CPU.ActiveCfg = Release|x86
		{A7761F99-5C1B-495B-A701-494C173DE986}.Ad-Hoc|Any CPU.Build.0 = Release|x86
		{A7761F99-5C1B-495B-A701-494C173DE986}.Ad-Hoc|Any CPU.Deploy.0 = Release|x86
		{A7761F99-5C1B-495B-A701-494C173DE986}.Ad-Hoc|ARM.ActiveCfg = Release|ARM
		{A7761F99-5C1B-495B-A701-494C173DE986}.Ad-Hoc|ARM.Build.0 = Release|ARM
		{A7761F99-5C1B-495B-A701-494C173DE986}.Ad-Hoc|ARM.Deploy.0 = Release|ARM
		{A7761F99-5C1B-495B-A701-494C173DE986}.Ad-Hoc|ARM64.ActiveCfg = Release|x86
		{A7761F99-5C1B-495B-A701-494C173DE986}.Ad-Hoc|ARM64.Build.0 = Release|x86
		{A7761F99-5C1B-495B-A701-494C173DE986}.Ad-Hoc|ARM64.Deploy.0 = Release|x86
		{A7761F99-5C1B-495B-A701-494C173DE986}.Ad-Hoc|iPhone.ActiveCfg = Release|x86
		{A7761F99-5C1B-495B-A701-494C173DE986}.Ad-Hoc|iPhone.Build.0 = Release|x86
		{A7761F99-5C1B-495B-A701-494C173DE986}.Ad-Hoc|iPhone.Deploy.0 = Release|x86
		{A7761F99-5C1B-495B-A701-494C173DE986}.Ad-Hoc|iPhoneSimulator.ActiveCfg = Release|x86
		{A7761F99-5C1B-495B-A701-494C173DE986}.Ad-Hoc|iPhoneSimulator.Build.0 = Release|x86
		{A7761F99-5C1B-495B-A701-494C173DE986}.Ad-Hoc|iPhoneSimulator.Deploy.0 = Release|x86
		{A7761F99-5C1B-495B-A701-494C173DE986}.Ad-Hoc|x64.ActiveCfg = Release|x64
		{A7761F99-5C1B-495B-A701-494C173DE986}.Ad-Hoc|x64.Build.0 = Release|x64
		{A7761F99-5C1B-495B-A701-494C173DE986}.Ad-Hoc|x64.Deploy.0 = Release|x64
		{A7761F99-5C1B-495B-A701-494C173DE986}.Ad-Hoc|x86.ActiveCfg = Release|x86
		{A7761F99-5C1B-495B-A701-494C173DE986}.Ad-Hoc|x86.Build.0 = Release|x86
		{A7761F99-5C1B-495B-A701-494C173DE986}.Ad-Hoc|x86.Deploy.0 = Release|x86
		{A7761F99-5C1B-495B-A701-494C173DE986}.AppStore|Any CPU.ActiveCfg = Release|x86
		{A7761F99-5C1B-495B-A701-494C173DE986}.AppStore|Any CPU.Build.0 = Release|x86
		{A7761F99-5C1B-495B-A701-494C173DE986}.AppStore|Any CPU.Deploy.0 = Release|x86
		{A7761F99-5C1B-495B-A701-494C173DE986}.AppStore|ARM.ActiveCfg = Release|ARM
		{A7761F99-5C1B-495B-A701-494C173DE986}.AppStore|ARM.Build.0 = Release|ARM
		{A7761F99-5C1B-495B-A701-494C173DE986}.AppStore|ARM.Deploy.0 = Release|ARM
		{A7761F99-5C1B-495B-A701-494C173DE986}.AppStore|ARM64.ActiveCfg = Release|x86
		{A7761F99-5C1B-495B-A701-494C173DE986}.AppStore|ARM64.Build.0 = Release|x86
		{A7761F99-5C1B-495B-A701-494C173DE986}.AppStore|ARM64.Deploy.0 = Release|x86
		{A7761F99-5C1B-495B-A701-494C173DE986}.AppStore|iPhone.ActiveCfg = Release|x86
		{A7761F99-5C1B-495B-A701-494C173DE986}.AppStore|iPhone.Build.0 = Release|x86
		{A7761F99-5C1B-495B-A701-494C173DE986}.AppStore|iPhone.Deploy.0 = Release|x86
		{A7761F99-5C1B-495B-A701-494C173DE986}.AppStore|iPhoneSimulator.ActiveCfg = Release|x86
		{A7761F99-5C1B-495B-A701-494C173DE986}.AppStore|iPhoneSimulator.Build.0 = Release|x86
		{A7761F99-5C1B-495B-A701-494C173DE986}.AppStore|iPhoneSimulator.Deploy.0 = Release|x86
		{A7761F99-5C1B-495B-A701-494C173DE986}.AppStore|x64.ActiveCfg = Release|x64
		{A7761F99-5C1B-495B-A701-494C173DE986}.AppStore|x64.Build.0 = Release|x64
		{A7761F99-5C1B-495B-A701-494C173DE986}.AppStore|x64.Deploy.0 = Release|x64
		{A7761F99-5C1B-495B-A701-494C173DE986}.AppStore|x86.ActiveCfg = Release|x86
		{A7761F99-5C1B-495B-A701-494C173DE986}.AppStore|x86.Build.0 = Release|x86
		{A7761F99-5C1B-495B-A701-494C173DE986}.AppStore|x86.Deploy.0 = Release|x86
		{A7761F99-5C1B-495B-A701-494C173DE986}.Debug|Any CPU.ActiveCfg = Debug|x86
		{A7761F99-5C1B-495B-A701-494C173DE986}.Debug|ARM.ActiveCfg = Debug|ARM
		{A7761F99-5C1B-495B-A701-494C173DE986}.Debug|ARM.Build.0 = Debug|ARM
		{A7761F99-5C1B-495B-A701-494C173DE986}.Debug|ARM.Deploy.0 = Debug|ARM
		{A7761F99-5C1B-495B-A701-494C173DE986}.Debug|ARM64.ActiveCfg = Debug|x86
		{A7761F99-5C1B-495B-A701-494C173DE986}.Debug|iPhone.ActiveCfg = Debug|x86
		{A7761F99-5C1B-495B-A701-494C173DE986}.Debug|iPhoneSimulator.ActiveCfg = Debug|x86
		{A7761F99-5C1B-495B-A701-494C173DE986}.Debug|x64.ActiveCfg = Debug|x64
		{A7761F99-5C1B-495B-A701-494C173DE986}.Debug|x64.Build.0 = Debug|x64
		{A7761F99-5C1B-495B-A701-494C173DE986}.Debug|x64.Deploy.0 = Debug|x64
		{A7761F99-5C1B-495B-A701-494C173DE986}.Debug|x86.ActiveCfg = Debug|x86
		{A7761F99-5C1B-495B-A701-494C173DE986}.Debug|x86.Build.0 = Debug|x86
		{A7761F99-5C1B-495B-A701-494C173DE986}.Debug|x86.Deploy.0 = Debug|x86
		{A7761F99-5C1B-495B-A701-494C173DE986}.Release|Any CPU.ActiveCfg = Release|x86
		{A7761F99-5C1B-495B-A701-494C173DE986}.Release|ARM.ActiveCfg = Release|ARM
		{A7761F99-5C1B-495B-A701-494C173DE986}.Release|ARM.Build.0 = Release|ARM
		{A7761F99-5C1B-495B-A701-494C173DE986}.Release|ARM.Deploy.0 = Release|ARM
		{A7761F99-5C1B-495B-A701-494C173DE986}.Release|ARM64.ActiveCfg = Release|x86
		{A7761F99-5C1B-495B-A701-494C173DE986}.Release|iPhone.ActiveCfg = Release|x86
		{A7761F99-5C1B-495B-A701-494C173DE986}.Release|iPhoneSimulator.ActiveCfg = Release|x86
		{A7761F99-5C1B-495B-A701-494C173DE986}.Release|x64.ActiveCfg = Release|x64
		{A7761F99-5C1B-495B-A701-494C173DE986}.Release|x64.Build.0 = Release|x64
		{A7761F99-5C1B-495B-A701-494C173DE986}.Release|x64.Deploy.0 = Release|x64
		{A7761F99-5C1B-495B-A701-494C173DE986}.Release|x86.ActiveCfg = Release|x86
		{A7761F99-5C1B-495B-A701-494C173DE986}.Release|x86.Build.0 = Release|x86
		{A7761F99-5C1B-495B-A701-494C173DE986}.Release|x86.Deploy.0 = Release|x86
		{43FA89D6-BDD5-4AA9-A4E7-DE60AD584D62}.Ad-Hoc|Any CPU.ActiveCfg = Release|Any CPU
		{43FA89D6-BDD5-4AA9-A4E7-DE60AD584D62}.Ad-Hoc|Any CPU.Build.0 = Release|Any CPU
		{43FA89D6-BDD5-4AA9-A4E7-DE60AD584D62}.Ad-Hoc|ARM.ActiveCfg = Release|Any CPU
		{43FA89D6-BDD5-4AA9-A4E7-DE60AD584D62}.Ad-Hoc|ARM.Build.0 = Release|Any CPU
		{43FA89D6-BDD5-4AA9-A4E7-DE60AD584D62}.Ad-Hoc|ARM64.ActiveCfg = Release|Any CPU
		{43FA89D6-BDD5-4AA9-A4E7-DE60AD584D62}.Ad-Hoc|ARM64.Build.0 = Release|Any CPU
		{43FA89D6-BDD5-4AA9-A4E7-DE60AD584D62}.Ad-Hoc|iPhone.ActiveCfg = Release|Any CPU
		{43FA89D6-BDD5-4AA9-A4E7-DE60AD584D62}.Ad-Hoc|iPhone.Build.0 = Release|Any CPU
		{43FA89D6-BDD5-4AA9-A4E7-DE60AD584D62}.Ad-Hoc|iPhoneSimulator.ActiveCfg = Release|Any CPU
		{43FA89D6-BDD5-4AA9-A4E7-DE60AD584D62}.Ad-Hoc|iPhoneSimulator.Build.0 = Release|Any CPU
		{43FA89D6-BDD5-4AA9-A4E7-DE60AD584D62}.Ad-Hoc|x64.ActiveCfg = Release|Any CPU
		{43FA89D6-BDD5-4AA9-A4E7-DE60AD584D62}.Ad-Hoc|x64.Build.0 = Release|Any CPU
		{43FA89D6-BDD5-4AA9-A4E7-DE60AD584D62}.Ad-Hoc|x86.ActiveCfg = Release|Any CPU
		{43FA89D6-BDD5-4AA9-A4E7-DE60AD584D62}.Ad-Hoc|x86.Build.0 = Release|Any CPU
		{43FA89D6-BDD5-4AA9-A4E7-DE60AD584D62}.AppStore|Any CPU.ActiveCfg = Release|Any CPU
		{43FA89D6-BDD5-4AA9-A4E7-DE60AD584D62}.AppStore|Any CPU.Build.0 = Release|Any CPU
		{43FA89D6-BDD5-4AA9-A4E7-DE60AD584D62}.AppStore|ARM.ActiveCfg = Release|Any CPU
		{43FA89D6-BDD5-4AA9-A4E7-DE60AD584D62}.AppStore|ARM.Build.0 = Release|Any CPU
		{43FA89D6-BDD5-4AA9-A4E7-DE60AD584D62}.AppStore|ARM64.ActiveCfg = Release|Any CPU
		{43FA89D6-BDD5-4AA9-A4E7-DE60AD584D62}.AppStore|ARM64.Build.0 = Release|Any CPU
		{43FA89D6-BDD5-4AA9-A4E7-DE60AD584D62}.AppStore|iPhone.ActiveCfg = Release|Any CPU
		{43FA89D6-BDD5-4AA9-A4E7-DE60AD584D62}.AppStore|iPhone.Build.0 = Release|Any CPU
		{43FA89D6-BDD5-4AA9-A4E7-DE60AD584D62}.AppStore|iPhoneSimulator.ActiveCfg = Release|Any CPU
		{43FA89D6-BDD5-4AA9-A4E7-DE60AD584D62}.AppStore|iPhoneSimulator.Build.0 = Release|Any CPU
		{43FA89D6-BDD5-4AA9-A4E7-DE60AD584D62}.AppStore|x64.ActiveCfg = Release|Any CPU
		{43FA89D6-BDD5-4AA9-A4E7-DE60AD584D62}.AppStore|x64.Build.0 = Release|Any CPU
		{43FA89D6-BDD5-4AA9-A4E7-DE60AD584D62}.AppStore|x86.ActiveCfg = Release|Any CPU
		{43FA89D6-BDD5-4AA9-A4E7-DE60AD584D62}.AppStore|x86.Build.0 = Release|Any CPU
		{43FA89D6-BDD5-4AA9-A4E7-DE60AD584D62}.Debug|Any CPU.ActiveCfg = Debug|Any CPU
		{43FA89D6-BDD5-4AA9-A4E7-DE60AD584D62}.Debug|Any CPU.Build.0 = Debug|Any CPU
		{43FA89D6-BDD5-4AA9-A4E7-DE60AD584D62}.Debug|ARM.ActiveCfg = Debug|Any CPU
		{43FA89D6-BDD5-4AA9-A4E7-DE60AD584D62}.Debug|ARM.Build.0 = Debug|Any CPU
		{43FA89D6-BDD5-4AA9-A4E7-DE60AD584D62}.Debug|ARM64.ActiveCfg = Debug|Any CPU
		{43FA89D6-BDD5-4AA9-A4E7-DE60AD584D62}.Debug|ARM64.Build.0 = Debug|Any CPU
		{43FA89D6-BDD5-4AA9-A4E7-DE60AD584D62}.Debug|iPhone.ActiveCfg = Debug|Any CPU
		{43FA89D6-BDD5-4AA9-A4E7-DE60AD584D62}.Debug|iPhone.Build.0 = Debug|Any CPU
		{43FA89D6-BDD5-4AA9-A4E7-DE60AD584D62}.Debug|iPhoneSimulator.ActiveCfg = Debug|Any CPU
		{43FA89D6-BDD5-4AA9-A4E7-DE60AD584D62}.Debug|iPhoneSimulator.Build.0 = Debug|Any CPU
		{43FA89D6-BDD5-4AA9-A4E7-DE60AD584D62}.Debug|x64.ActiveCfg = Debug|Any CPU
		{43FA89D6-BDD5-4AA9-A4E7-DE60AD584D62}.Debug|x64.Build.0 = Debug|Any CPU
		{43FA89D6-BDD5-4AA9-A4E7-DE60AD584D62}.Debug|x86.ActiveCfg = Debug|Any CPU
		{43FA89D6-BDD5-4AA9-A4E7-DE60AD584D62}.Debug|x86.Build.0 = Debug|Any CPU
		{43FA89D6-BDD5-4AA9-A4E7-DE60AD584D62}.Release|Any CPU.ActiveCfg = Release|Any CPU
		{43FA89D6-BDD5-4AA9-A4E7-DE60AD584D62}.Release|Any CPU.Build.0 = Release|Any CPU
		{43FA89D6-BDD5-4AA9-A4E7-DE60AD584D62}.Release|ARM.ActiveCfg = Release|Any CPU
		{43FA89D6-BDD5-4AA9-A4E7-DE60AD584D62}.Release|ARM.Build.0 = Release|Any CPU
		{43FA89D6-BDD5-4AA9-A4E7-DE60AD584D62}.Release|ARM64.ActiveCfg = Release|Any CPU
		{43FA89D6-BDD5-4AA9-A4E7-DE60AD584D62}.Release|ARM64.Build.0 = Release|Any CPU
		{43FA89D6-BDD5-4AA9-A4E7-DE60AD584D62}.Release|iPhone.ActiveCfg = Release|Any CPU
		{43FA89D6-BDD5-4AA9-A4E7-DE60AD584D62}.Release|iPhone.Build.0 = Release|Any CPU
		{43FA89D6-BDD5-4AA9-A4E7-DE60AD584D62}.Release|iPhoneSimulator.ActiveCfg = Release|Any CPU
		{43FA89D6-BDD5-4AA9-A4E7-DE60AD584D62}.Release|iPhoneSimulator.Build.0 = Release|Any CPU
		{43FA89D6-BDD5-4AA9-A4E7-DE60AD584D62}.Release|x64.ActiveCfg = Release|Any CPU
		{43FA89D6-BDD5-4AA9-A4E7-DE60AD584D62}.Release|x64.Build.0 = Release|Any CPU
		{43FA89D6-BDD5-4AA9-A4E7-DE60AD584D62}.Release|x86.ActiveCfg = Release|Any CPU
		{43FA89D6-BDD5-4AA9-A4E7-DE60AD584D62}.Release|x86.Build.0 = Release|Any CPU
	EndGlobalSection
	GlobalSection(SolutionProperties) = preSolution
		HideSolutionNode = FALSE
	EndGlobalSection
	GlobalSection(ExtensibilityGlobals) = postSolution
		SolutionGuid = {5C170263-9C36-49A0-BE7F-603184B11911}
	EndGlobalSection
EndGlobal
